
Microsoft Visual Studio Solution File, Format Version 12.00
# Visual Studio Version 16
VisualStudioVersion = 16.0.29519.87
MinimumVisualStudioVersion = 10.0.40219.1
Project("{9A19103F-16F7-4668-BE54-9A1E7A4F7556}") = "PostTwitter.api", "PostTwitter.api\PostTwitter.api.csproj", "{A3BCB25F-0C8C-4C3D-839D-081A743569B3}"
EndProject
Project("{9A19103F-16F7-4668-BE54-9A1E7A4F7556}") = "PostTwitter.web", "PostTwitter.ui\PostTwitter.web.csproj", "{49D12DA0-A556-4306-8467-6FEB6964D41D}"
EndProject
Global
	GlobalSection(SolutionConfigurationPlatforms) = preSolution
		Debug|Any CPU = Debug|Any CPU
		Release|Any CPU = Release|Any CPU
	EndGlobalSection
	GlobalSection(ProjectConfigurationPlatforms) = postSolution
		{A3BCB25F-0C8C-4C3D-839D-081A743569B3}.Debug|Any CPU.ActiveCfg = Debug|Any CPU
		{A3BCB25F-0C8C-4C3D-839D-081A743569B3}.Debug|Any CPU.Build.0 = Debug|Any CPU
		{A3BCB25F-0C8C-4C3D-839D-081A743569B3}.Release|Any CPU.ActiveCfg = Release|Any CPU
		{A3BCB25F-0C8C-4C3D-839D-081A743569B3}.Release|Any CPU.Build.0 = Release|Any CPU
		{49D12DA0-A556-4306-8467-6FEB6964D41D}.Debug|Any CPU.ActiveCfg = Debug|Any CPU
		{49D12DA0-A556-4306-8467-6FEB6964D41D}.Debug|Any CPU.Build.0 = Debug|Any CPU
		{49D12DA0-A556-4306-8467-6FEB6964D41D}.Release|Any CPU.ActiveCfg = Release|Any CPU
		{49D12DA0-A556-4306-8467-6FEB6964D41D}.Release|Any CPU.Build.0 = Release|Any CPU
	EndGlobalSection
	GlobalSection(SolutionProperties) = preSolution
		HideSolutionNode = FALSE
	EndGlobalSection
	GlobalSection(ExtensibilityGlobals) = postSolution
		SolutionGuid = {73DE3571-713F-4AFB-A189-08BD9EEF8C53}
	EndGlobalSection
EndGlobal
